Microsoft Visual Studio Solution File, Format Version 12.00
# Visual Studio Version 17
VisualStudioVersion = 17.5.2.0
MinimumVisualStudioVersion = 10.0.40219.1
Project("{2150E333-8FDC-42A3-9474-1A3956D46DE8}") = "src", "src", "{827E0CD3-B72D-47B6-A68D-7590B98EB39B}"
EndProject
Project("{2150E333-8FDC-42A3-9474-1A3956D46DE8}") = "auth-service", "auth-service", "{518D249E-2B9B-22C4-DB83-367A4F17464C}"
EndProject
Project("{FAE04EC0-301F-11D3-BF4B-00C04F79EFBC}") = "api", "src\auth-service\api\api.csproj", "{B9D8CEC4-0AD2-DF20-1994-56F4B082CAE9}"
EndProject
Project("{2150E333-8FDC-42A3-9474-1A3956D46DE8}") = "bff-service", "bff-service", "{FD9DA211-022D-A9EB-146E-60B89BC7FE8E}"
EndProject
Project("{FAE04EC0-301F-11D3-BF4B-00C04F79EFBC}") = "api", "src\bff-service\api\api.csproj", "{D4A539E7-C8F2-926F-FC37-494CA2D6F5C5}"
EndProject
Project("{2150E333-8FDC-42A3-9474-1A3956D46DE8}") = "todo-service", "todo-service", "{805F9AC6-54CE-477B-3272-2408FBA7F171}"
EndProject
Project("{FAE04EC0-301F-11D3-BF4B-00C04F79EFBC}") = "api", "src\todo-service\api\api.csproj", "{E0418E0A-C267-1E12-067C-87BFEAF0694C}"
EndProject
Project("{2150E333-8FDC-42A3-9474-1A3956D46DE8}") = "user-service", "user-service", "{8E7D5606-7A38-8B6F-FF00-55944B7A7229}"
EndProject
Project("{FAE04EC0-301F-11D3-BF4B-00C04F79EFBC}") = "api", "src\user-service\api\api.csproj", "{B32EA51D-C3C1-00C2-F381-A536E31F86A6}"
EndProject
Global
	GlobalSection(SolutionConfigurationPlatforms) = preSolution
		Debug|Any CPU = Debug|Any CPU
		Release|Any CPU = Release|Any CPU
	EndGlobalSection
	GlobalSection(ProjectConfigurationPlatforms) = postSolution
		{B9D8CEC4-0AD2-DF20-1994-56F4B082CAE9}.Debug|Any CPU.ActiveCfg = Debug|Any CPU
		{B9D8CEC4-0AD2-DF20-1994-56F4B082CAE9}.Debug|Any CPU.Build.0 = Debug|Any CPU
		{B9D8CEC4-0AD2-DF20-1994-56F4B082CAE9}.Release|Any CPU.ActiveCfg = Release|Any CPU
		{B9D8CEC4-0AD2-DF20-1994-56F4B082CAE9}.Release|Any CPU.Build.0 = Release|Any CPU
		{D4A539E7-C8F2-926F-FC37-494CA2D6F5C5}.Debug|Any CPU.ActiveCfg = Debug|Any CPU
		{D4A539E7-C8F2-926F-FC37-494CA2D6F5C5}.Debug|Any CPU.Build.0 = Debug|Any CPU
		{D4A539E7-C8F2-926F-FC37-494CA2D6F5C5}.Release|Any CPU.ActiveCfg = Release|Any CPU
		{D4A539E7-C8F2-926F-FC37-494CA2D6F5C5}.Release|Any CPU.Build.0 = Release|Any CPU
		{E0418E0A-C267-1E12-067C-87BFEAF0694C}.Debug|Any CPU.ActiveCfg = Debug|Any CPU
		{E0418E0A-C267-1E12-067C-87BFEAF0694C}.Debug|Any CPU.Build.0 = Debug|Any CPU
		{E0418E0A-C267-1E12-067C-87BFEAF0694C}.Release|Any CPU.ActiveCfg = Release|Any CPU
		{E0418E0A-C267-1E12-067C-87BFEAF0694C}.Release|Any CPU.Build.0 = Release|Any CPU
		{B32EA51D-C3C1-00C2-F381-A536E31F86A6}.Debug|Any CPU.ActiveCfg = Debug|Any CPU
		{B32EA51D-C3C1-00C2-F381-A536E31F86A6}.Debug|Any CPU.Build.0 = Debug|Any CPU
		{B32EA51D-C3C1-00C2-F381-A536E31F86A6}.Release|Any CPU.ActiveCfg = Release|Any CPU
		{B32EA51D-C3C1-00C2-F381-A536E31F86A6}.Release|Any CPU.Build.0 = Release|Any CPU
	EndGlobalSection
	GlobalSection(SolutionProperties) = preSolution
		HideSolutionNode = FALSE
	EndGlobalSection
	GlobalSection(NestedProjects) = preSolution
		{518D249E-2B9B-22C4-DB83-367A4F17464C} = {827E0CD3-B72D-47B6-A68D-7590B98EB39B}
		{B9D8CEC4-0AD2-DF20-1994-56F4B082CAE9} = {518D249E-2B9B-22C4-DB83-367A4F17464C}
		{FD9DA211-022D-A9EB-146E-60B89BC7FE8E} = {827E0CD3-B72D-47B6-A68D-7590B98EB39B}
		{D4A539E7-C8F2-926F-FC37-494CA2D6F5C5} = {FD9DA211-022D-A9EB-146E-60B89BC7FE8E}
		{805F9AC6-54CE-477B-3272-2408FBA7F171} = {827E0CD3-B72D-47B6-A68D-7590B98EB39B}
		{E0418E0A-C267-1E12-067C-87BFEAF0694C} = {805F9AC6-54CE-477B-3272-2408FBA7F171}
		{8E7D5606-7A38-8B6F-FF00-55944B7A7229} = {827E0CD3-B72D-47B6-A68D-7590B98EB39B}
		{B32EA51D-C3C1-00C2-F381-A536E31F86A6} = {8E7D5606-7A38-8B6F-FF00-55944B7A7229}
	EndGlobalSection
	GlobalSection(ExtensibilityGlobals) = postSolution
		SolutionGuid = {32283C5A-F21E-4533-B9F6-C6B322CA9895}
	EndGlobalSection
EndGlobal
